// !$*UTF8*$!
{
	archiveVersion = 1;
	classes = {
	};
	objectVersion = 50;
	objects = {

/* Begin PBXBuildFile section */
		6E638DEB270CDDF5004624C2 /* DCCardApp.swift in Sources */ = {isa = PBXBuildFile; fileRef = 6E638DEA270CDDF5004624C2 /* DCCardApp.swift */; };
		6E638DED270CDDF5004624C2 /* ContentView.swift in Sources */ = {isa = PBXBuildFile; fileRef = 6E638DEC270CDDF5004624C2 /* ContentView.swift */; };
		6E638DEF270CDDF9004624C2 /* Assets.xcassets in Resources */ = {isa = PBXBuildFile; fileRef = 6E638DEE270CDDF9004624C2 /* Assets.xcassets */; };
		6E638DF2270CDDF9004624C2 /* Preview Assets.xcassets in Resources */ = {isa = PBXBuildFile; fileRef = 6E638DF1270CDDF9004624C2 /* Preview Assets.xcassets */; };
		6E638DFB270CE270004624C2 /* Constants.swift in Sources */ = {isa = PBXBuildFile; fileRef = 6E638DFA270CE270004624C2 /* Constants.swift */; };
		6E638E06270CE67C004624C2 /* AsapCondensed-Medium.ttf in Resources */ = {isa = PBXBuildFile; fileRef = 6E638DFE270CE67B004624C2 /* AsapCondensed-Medium.ttf */; };
		6E638E07270CE67C004624C2 /* AsapCondensed-Bold.ttf in Resources */ = {isa = PBXBuildFile; fileRef = 6E638DFF270CE67C004624C2 /* AsapCondensed-Bold.ttf */; };
		6E638E08270CE67C004624C2 /* AsapCondensed-BoldItalic.ttf in Resources */ = {isa = PBXBuildFile; fileRef = 6E638E00270CE67C004624C2 /* AsapCondensed-BoldItalic.ttf */; };
		6E638E09270CE67C004624C2 /* AsapCondensed-MediumItalic.ttf in Resources */ = {isa = PBXBuildFile; fileRef = 6E638E01270CE67C004624C2 /* AsapCondensed-MediumItalic.ttf */; };
		6E638E0A270CE67C004624C2 /* AsapCondensed-SemiBold.ttf in Resources */ = {isa = PBXBuildFile; fileRef = 6E638E02270CE67C004624C2 /* AsapCondensed-SemiBold.ttf */; };
		6E638E0B270CE67C004624C2 /* AsapCondensed-SemiBoldItalic.ttf in Resources */ = {isa = PBXBuildFile; fileRef = 6E638E03270CE67C004624C2 /* AsapCondensed-SemiBoldItalic.ttf */; };
		6E638E0C270CE67C004624C2 /* AsapCondensed-Regular.ttf in Resources */ = {isa = PBXBuildFile; fileRef = 6E638E04270CE67C004624C2 /* AsapCondensed-Regular.ttf */; };
		6E638E0D270CE67C004624C2 /* AsapCondensed-Italic.ttf in Resources */ = {isa = PBXBuildFile; fileRef = 6E638E05270CE67C004624C2 /* AsapCondensed-Italic.ttf */; };
		6EFFFF1A270E0AED00FEEAE3 /* InfoView.swift in Sources */ = {isa = PBXBuildFile; fileRef = 6EFFFF19270E0AED00FEEAE3 /* InfoView.swift */; };
/* End PBXBuildFile section */

/* Begin PBXFileReference section */
		6E638DE7270CDDF5004624C2 /* DCCard.app */ = {isa = PBXFileReference; explicitFileType = wrapper.application; includeInIndex = 0; path = DCCard.app; sourceTree = BUILT_PRODUCTS_DIR; };
		6E638DEA270CDDF5004624C2 /* DCCardApp.swift */ = {isa = PBXFileReference; lastKnownFileType = sourcecode.swift; path = DCCardApp.swift; sourceTree = "<group>"; };
		6E638DEC270CDDF5004624C2 /* ContentView.swift */ = {isa = PBXFileReference; lastKnownFileType = sourcecode.swift; path = ContentView.swift; sourceTree = "<group>"; };
		6E638DEE270CDDF9004624C2 /* Assets.xcassets */ = {isa = PBXFileReference; lastKnownFileType = folder.assetcatalog; path = Assets.xcassets; sourceTree = "<group>"; };
		6E638DF1270CDDF9004624C2 /* Preview Assets.xcassets */ = {isa = PBXFileReference; lastKnownFileType = folder.assetcatalog; path = "Preview Assets.xcassets"; sourceTree = "<group>"; };
		6E638DF3270CDDF9004624C2 /* Info.plist */ = {isa = PBXFileReference; lastKnownFileType = text.plist.xml; path = Info.plist; sourceTree = "<group>"; };
		6E638DFA270CE270004624C2 /* Constants.swift */ = {isa = PBXFileReference; lastKnownFileType = sourcecode.swift; path = Constants.swift; sourceTree = "<group>"; };
		6E638DFE270CE67B004624C2 /* AsapCondensed-Medium.ttf */ = {isa = PBXFileReference; lastKnownFileType = file; path = "AsapCondensed-Medium.ttf"; sourceTree = "<group>"; };
		6E638DFF270CE67C004624C2 /* AsapCondensed-Bold.ttf */ = {isa = PBXFileReference; lastKnownFileType = file; path = "AsapCondensed-Bold.ttf"; sourceTree = "<group>"; };
		6E638E00270CE67C004624C2 /* AsapCondensed-BoldItalic.ttf */ = {isa = PBXFileReference; lastKnownFileType = file; path = "AsapCondensed-BoldItalic.ttf"; sourceTree = "<group>"; };
		6E638E01270CE67C004624C2 /* AsapCondensed-MediumItalic.ttf */ = {isa = PBXFileReference; lastKnownFileType = file; path = "AsapCondensed-MediumItalic.ttf"; sourceTree = "<group>"; };
		6E638E02270CE67C004624C2 /* AsapCondensed-SemiBold.ttf */ = {isa = PBXFileReference; lastKnownFileType = file; path = "AsapCondensed-SemiBold.ttf"; sourceTree = "<group>"; };
		6E638E03270CE67C004624C2 /* AsapCondensed-SemiBoldItalic.ttf */ = {isa = PBXFileReference; lastKnownFileType = file; path = "AsapCondensed-SemiBoldItalic.ttf"; sourceTree = "<group>"; };
		6E638E04270CE67C004624C2 /* AsapCondensed-Regular.ttf */ = {isa = PBXFileReference; lastKnownFileType = file; path = "AsapCondensed-Regular.ttf"; sourceTree = "<group>"; };
		6E638E05270CE67C004624C2 /* AsapCondensed-Italic.ttf */ = {isa = PBXFileReference; lastKnownFileType = file; path = "AsapCondensed-Italic.ttf"; sourceTree = "<group>"; };
		6EFFFF19270E0AED00FEEAE3 /* InfoView.swift */ = {isa = PBXFileReference; lastKnownFileType = sourcecode.swift; path = InfoView.swift; sourceTree = "<group>"; };
/* End PBXFileReference section */

/* Begin PBXFrameworksBuildPhase section */
		6E638DE4270CDDF5004624C2 /* Frameworks */ = {
			isa = PBXFrameworksBuildPhase;
			buildActionMask = 2147483647;
			files = (
			);
			runOnlyForDeploymentPostprocessing = 0;
		};
/* End PBXFrameworksBuildPhase section */

/* Begin PBXGroup section */
		6E638DDE270CDDF5004624C2 = {
			isa = PBXGroup;
			children = (
				6E638DE9270CDDF5004624C2 /* DCCard */,
				6E638DE8270CDDF5004624C2 /* Products */,
			);
			sourceTree = "<group>";
		};
		6E638DE8270CDDF5004624C2 /* Products */ = {
			isa = PBXGroup;
			children = (
				6E638DE7270CDDF5004624C2 /* DCCard.app */,
			);
			name = Products;
			sourceTree = "<group>";
		};
		6E638DE9270CDDF5004624C2 /* DCCard */ = {
			isa = PBXGroup;
			children = (
				6E638DFD270CE666004624C2 /* fonts */,
				6E638DEA270CDDF5004624C2 /* DCCardApp.swift */,
				6E638DEC270CDDF5004624C2 /* ContentView.swift */,
				6EFFFF19270E0AED00FEEAE3 /* InfoView.swift */,
				6E638DFA270CE270004624C2 /* Constants.swift */,
				6E638DEE270CDDF9004624C2 /* Assets.xcassets */,
				6E638DF3270CDDF9004624C2 /* Info.plist */,
				6E638DF0270CDDF9004624C2 /* Preview Content */,
			);
			path = DCCard;
			sourceTree = "<group>";
		};
		6E638DF0270CDDF9004624C2 /* Preview Content */ = {
			isa = PBXGroup;
			children = (
				6E638DF1270CDDF9004624C2 /* Preview Assets.xcassets */,
			);
			path = "Preview Content";
			sourceTree = "<group>";
		};
		6E638DFD270CE666004624C2 /* fonts */ = {
			isa = PBXGroup;
			children = (
				6E638DFF270CE67C004624C2 /* AsapCondensed-Bold.ttf */,
				6E638E00270CE67C004624C2 /* AsapCondensed-BoldItalic.ttf */,
				6E638E05270CE67C004624C2 /* AsapCondensed-Italic.ttf */,
				6E638DFE270CE67B004624C2 /* AsapCondensed-Medium.ttf */,
				6E638E01270CE67C004624C2 /* AsapCondensed-MediumItalic.ttf */,
				6E638E04270CE67C004624C2 /* AsapCondensed-Regular.ttf */,
				6E638E02270CE67C004624C2 /* AsapCondensed-SemiBold.ttf */,
				6E638E03270CE67C004624C2 /* AsapCondensed-SemiBoldItalic.ttf */,
			);
			path = fonts;
			sourceTree = "<group>";
		};
/* End PBXGroup section */

/* Begin PBXNativeTarget section */
		6E638DE6270CDDF5004624C2 /* DCCard */ = {
			isa = PBXNativeTarget;
			buildConfigurationList = 6E638DF6270CDDF9004624C2 /* Build configuration list for PBXNativeTarget "DCCard" */;
			buildPhases = (
				6E638DE3270CDDF5004624C2 /* Sources */,
				6E638DE4270CDDF5004624C2 /* Frameworks */,
				6E638DE5270CDDF5004624C2 /* Resources */,
			);
			buildRules = (
			);
			dependencies = (
			);
			name = DCCard;
			productName = DCCard;
			productReference = 6E638DE7270CDDF5004624C2 /* DCCard.app */;
			productType = "com.apple.product-type.application";
		};
/* End PBXNativeTarget section */

/* Begin PBXProject section */
		6E638DDF270CDDF5004624C2 /* Project object */ = {
			isa = PBXProject;
			attributes = {
				LastSwiftUpdateCheck = 1240;
				LastUpgradeCheck = 1240;
				TargetAttributes = {
					6E638DE6270CDDF5004624C2 = {
						CreatedOnToolsVersion = 12.4;
					};
				};
			};
			buildConfigurationList = 6E638DE2270CDDF5004624C2 /* Build configuration list for PBXProject "DCCard" */;
			compatibilityVersion = "Xcode 9.3";
			developmentRegion = en;
			hasScannedForEncodings = 0;
			knownRegions = (
				en,
				Base,
			);
			mainGroup = 6E638DDE270CDDF5004624C2;
			productRefGroup = 6E638DE8270CDDF5004624C2 /* Products */;
			projectDirPath = "";
			projectRoot = "";
			targets = (
				6E638DE6270CDDF5004624C2 /* DCCard */,
			);
		};
/* End PBXProject section */

/* Begin PBXResourcesBuildPhase section */
		6E638DE5270CDDF5004624C2 /* Resources */ = {
			isa = PBXResourcesBuildPhase;
			buildActionMask = 2147483647;
			files = (
				6E638E07270CE67C004624C2 /* AsapCondensed-Bold.ttf in Resources */,
				6E638DF2270CDDF9004624C2 /* Preview Assets.xcassets in Resources */,
				6E638E0C270CE67C004624C2 /* AsapCondensed-Regular.ttf in Resources */,
				6E638E0D270CE67C004624C2 /* AsapCondensed-Italic.ttf in Resources */,
				6E638E06270CE67C004624C2 /* AsapCondensed-Medium.ttf in Resources */,
				6E638DEF270CDDF9004624C2 /* Assets.xcassets in Resources */,
				6E638E0B270CE67C004624C2 /* AsapCondensed-SemiBoldItalic.ttf in Resources */,
				6E638E09270CE67C004624C2 /* AsapCondensed-MediumItalic.ttf in Resources */,
				6E638E08270CE67C004624C2 /* AsapCondensed-BoldItalic.ttf in Resources */,
				6E638E0A270CE67C004624C2 /* AsapCondensed-SemiBold.ttf in Resources */,
			);
			runOnlyForDeploymentPostprocessing = 0;
		};
/* End PBXResourcesBuildPhase section */

/* Begin PBXSourcesBuildPhase section */
		6E638DE3270CDDF5004624C2 /* Sources */ = {
			isa = PBXSourcesBuildPhase;
			buildActionMask = 2147483647;
			files = (
				6EFFFF1A270E0AED00FEEAE3 /* InfoView.swift in Sources */,
				6E638DED270CDDF5004624C2 /* ContentView.swift in Sources */,
				6E638DEB270CDDF5004624C2 /* DCCardApp.swift in Sources */,
				6E638DFB270CE270004624C2 /* Constants.swift in Sources */,
			);
			runOnlyForDeploymentPostprocessing = 0;
		};
/* End PBXSourcesBuildPhase section */

/* Begin XCBuildConfiguration section */
		6E638DF4270CDDF9004624C2 /* Debug */ = {
			isa = XCBuildConfiguration;
			buildSettings = {
				ALWAYS_SEARCH_USER_PATHS = NO;
				CLANG_ANALYZER_NONNULL = YES;
				CLANG_ANALYZER_NUMBER_OBJECT_CONVERSION = YES_AGGRESSIVE;
				CLANG_CXX_LANGUAGE_STANDARD = "gnu++14";
				CLANG_CXX_LIBRARY = "libc++";
				CLANG_ENABLE_MODULES = YES;
				CLANG_ENABLE_OBJC_ARC = YES;
				CLANG_ENABLE_OBJC_WEAK = YES;
				CLANG_WARN_BLOCK_CAPTURE_AUTORELEASING = YES;
				CLANG_WARN_BOOL_CONVERSION = YES;
				CLANG_WARN_COMMA = YES;
				CLANG_WARN_CONSTANT_CONVERSION = YES;
				CLANG_WARN_DEPRECATED_OBJC_IMPLEMENTATIONS = YES;
				CLANG_WARN_DIRECT_OBJC_ISA_USAGE = YES_ERROR;
				CLANG_WARN_DOCUMENTATION_COMMENTS = YES;
				CLANG_WARN_EMPTY_BODY = YES;
				CLANG_WARN_ENUM_CONVERSION = YES;
				CLANG_WARN_INFINITE_RECURSION = YES;
				CLANG_WARN_INT_CONVERSION = YES;
				CLANG_WARN_NON_LITERAL_NULL_CONVERSION = YES;
				CLANG_WARN_OBJC_IMPLICIT_RETAIN_SELF = YES;
				CLANG_WARN_OBJC_LITERAL_CONVERSION = YES;
				CLANG_WARN_OBJC_ROOT_CLASS = YES_ERROR;
				CLANG_WARN_QUOTED_INCLUDE_IN_FRAMEWORK_HEADER = YES;
				CLANG_WARN_RANGE_LOOP_ANALYSIS = YES;
				CLANG_WARN_STRICT_PROTOTYPES = YES;
				CLANG_WARN_SUSPICIOUS_MOVE = YES;
				CLANG_WARN_UNGUARDED_AVAILABILITY = YES_AGGRESSIVE;
				CLANG_WARN_UNREACHABLE_CODE = YES;
				CLANG_WARN__DUPLICATE_METHOD_MATCH = YES;
				COPY_PHASE_STRIP = NO;
				DEBUG_INFORMATION_FORMAT = dwarf;
				ENABLE_STRICT_OBJC_MSGSEND = YES;
				ENABLE_TESTABILITY = YES;
				GCC_C_LANGUAGE_STANDARD = gnu11;
				GCC_DYNAMIC_NO_PIC = NO;
				GCC_NO_COMMON_BLOCKS = YES;
				GCC_OPTIMIZATION_LEVEL = 0;
				GCC_PREPROCESSOR_DEFINITIONS = (
					"DEBUG=1",
					"$(inherited)",
				);
				GCC_WARN_64_TO_32_BIT_CONVERSION = YES;
				GCC_WARN_ABOUT_RETURN_TYPE = YES_ERROR;
				GCC_WARN_UNDECLARED_SELECTOR = YES;
				GCC_WARN_UNINITIALIZED_AUTOS = YES_AGGRESSIVE;
				GCC_WARN_UNUSED_FUNCTION = YES;
				GCC_WARN_UNUSED_VARIABLE = YES;
				IPHONEOS_DEPLOYMENT_TARGET = 14.4;
				MTL_ENABLE_DEBUG_INFO = INCLUDE_SOURCE;
				MTL_FAST_MATH = YES;
				ONLY_ACTIVE_ARCH = YES;
				SDKROOT = iphoneos;
				SWIFT_ACTIVE_COMPILATION_CONDITIONS = DEBUG;
				SWIFT_OPTIMIZATION_LEVEL = "-Onone";
			};
			name = Debug;
		};
		6E638DF5270CDDF9004624C2 /* Release */ = {
			isa = XCBuildConfiguration;
			buildSettings = {
				ALWAYS_SEARCH_USER_PATHS = NO;
				CLANG_ANALYZER_NONNULL = YES;
				CLANG_ANALYZER_NUMBER_OBJECT_CONVERSION = YES_AGGRESSIVE;
				CLANG_CXX_LANGUAGE_STANDARD = "gnu++14";
				CLANG_CXX_LIBRARY = "libc++";
				CLANG_ENABLE_MODULES = YES;
				CLANG_ENABLE_OBJC_ARC = YES;
				CLANG_ENABLE_OBJC_WEAK = YES;
				CLANG_WARN_BLOCK_CAPTURE_AUTORELEASING = YES;
				CLANG_WARN_BOOL_CONVERSION = YES;
				CLANG_WARN_COMMA = YES;
				CLANG_WARN_CONSTANT_CONVERSION = YES;
				CLANG_WARN_DEPRECATED_OBJC_IMPLEMENTATIONS = YES;
				CLANG_WARN_DIRECT_OBJC_ISA_USAGE = YES_ERROR;
				CLANG_WARN_DOCUMENTATION_COMMENTS = YES;
				CLANG_WARN_EMPTY_BODY = YES;
				CLANG_WARN_ENUM_CONVERSION = YES;
				CLANG_WARN_INFINITE_RECURSION = YES;
				CLANG_WARN_INT_CONVERSION = YES;
				CLANG_WARN_NON_LITERAL_NULL_CONVERSION = YES;
				CLANG_WARN_OBJC_IMPLICIT_RETAIN_SELF = YES;
				CLANG_WARN_OBJC_LITERAL_CONVERSION = YES;
				CLANG_WARN_OBJC_ROOT_CLASS = YES_ERROR;
				CLANG_WARN_QUOTED_INCLUDE_IN_FRAMEWORK_HEADER = YES;
				CLANG_WARN_RANGE_LOOP_ANALYSIS = YES;
				CLANG_WARN_STRICT_PROTOTYPES = YES;
				CLANG_WARN_SUSPICIOUS_MOVE = YES;
				CLANG_WARN_UNGUARDED_AVAILABILITY = YES_AGGRESSIVE;
				CLANG_WARN_UNREACHABLE_CODE = YES;
				CLANG_WARN__DUPLICATE_METHOD_MATCH = YES;
				COPY_PHASE_STRIP = NO;
				DEBUG_INFORMATION_FORMAT = "dwarf-with-dsym";
				ENABLE_NS_ASSERTIONS = NO;
				ENABLE_STRICT_OBJC_MSGSEND = YES;
				GCC_C_LANGUAGE_STANDARD = gnu11;
				GCC_NO_COMMON_BLOCKS = YES;
				GCC_WARN_64_TO_32_BIT_CONVERSION = YES;
				GCC_WARN_ABOUT_RETURN_TYPE = YES_ERROR;
				GCC_WARN_UNDECLARED_SELECTOR = YES;
				GCC_WARN_UNINITIALIZED_AUTOS = YES_AGGRESSIVE;
				GCC_WARN_UNUSED_FUNCTION = YES;
				GCC_WARN_UNUSED_VARIABLE = YES;
				IPHONEOS_DEPLOYMENT_TARGET = 14.4;
				MTL_ENABLE_DEBUG_INFO = NO;
				MTL_FAST_MATH = YES;
				SDKROOT = iphoneos;
				SWIFT_COMPILATION_MODE = wholemodule;
				SWIFT_OPTIMIZATION_LEVEL = "-O";
				VALIDATE_PRODUCT = YES;
			};
			name = Release;
		};
		6E638DF7270CDDF9004624C2 /* Debug */ = {
			isa = XCBuildConfiguration;
			buildSettings = {
				ASSETCATALOG_COMPILER_APPICON_NAME = AppIcon;
				ASSETCATALOG_COMPILER_GLOBAL_ACCENT_COLOR_NAME = AccentColor;
				CODE_SIGN_STYLE = Automatic;
				DEVELOPMENT_ASSET_PATHS = "\"DCCard/Preview Content\"";
				DEVELOPMENT_TEAM = 64SV43AR2Z;
				ENABLE_PREVIEWS = YES;
				INFOPLIST_FILE = DCCard/Info.plist;
				IPHONEOS_DEPLOYMENT_TARGET = 14.0;
				LD_RUNPATH_SEARCH_PATHS = (
					"$(inherited)",
					"@executable_path/Frameworks",
				);
				PRODUCT_BUNDLE_IDENTIFIER = com.dchest.DCCard;
				PRODUCT_NAME = "$(TARGET_NAME)";
				SWIFT_VERSION = 5.0;
				TARGETED_DEVICE_FAMILY = "1,2";
			};
			name = Debug;
		};
		6E638DF8270CDDF9004624C2 /* Release */ = {
			isa = XCBuildConfiguration;
			buildSettings = {
				ASSETCATALOG_COMPILER_APPICON_NAME = AppIcon;
				ASSETCATALOG_COMPILER_GLOBAL_ACCENT_COLOR_NAME = AccentColor;
				CODE_SIGN_STYLE = Automatic;
				DEVELOPMENT_ASSET_PATHS = "\"DCCard/Preview Content\"";
				DEVELOPMENT_TEAM = 64SV43AR2Z;
				ENABLE_PREVIEWS = YES;
				INFOPLIST_FILE = DCCard/Info.plist;
				IPHONEOS_DEPLOYMENT_TARGET = 14.0;
				LD_RUNPATH_SEARCH_PATHS = (
					"$(inherited)",
					"@executable_path/Frameworks",
				);
				PRODUCT_BUNDLE_IDENTIFIER = com.dchest.DCCard;
				PRODUCT_NAME = "$(TARGET_NAME)";
				SWIFT_VERSION = 5.0;
				TARGETED_DEVICE_FAMILY = "1,2";
			};
			name = Release;
		};
/* End XCBuildConfiguration section */

/* Begin XCConfigurationList section */
		6E638DE2270CDDF5004624C2 /* Build configuration list for PBXProject "DCCard" */ = {
			isa = XCConfigurationList;
			buildConfigurations = (
				6E638DF4270CDDF9004624C2 /* Debug */,
				6E638DF5270CDDF9004624C2 /* Release */,
			);
			defaultConfigurationIsVisible = 0;
			defaultConfigurationName = Release;
		};
		6E638DF6270CDDF9004624C2 /* Build configuration list for PBXNativeTarget "DCCard" */ = {
			isa = XCConfigurationList;
			buildConfigurations = (
				6E638DF7270CDDF9004624C2 /* Debug */,
				6E638DF8270CDDF9004624C2 /* Release */,
			);
			defaultConfigurationIsVisible = 0;
			defaultConfigurationName = Release;
		};
/* End XCConfigurationList section */
	};
	rootObject = 6E638DDF270CDDF5004624C2 /* Project object */;
}
